
Microsoft Visual Studio Solution File, Format Version 11.00
# Visual Studio 2010
Project("{FAE04EC0-301F-11D3-BF4B-00C04F79EFBC}") = "Mike.AsyncWcf.Client", "Mike.AsyncWcf.Client\Mike.AsyncWcf.Client.csproj", "{6AAFCC2A-B927-4162-9A5A-B135F94F4AE6}"
EndProject
Project("{FAE04EC0-301F-11D3-BF4B-00C04F79EFBC}") = "Mike.AsyncWcf.Server", "Mike.AsyncWcf.Server\Mike.AsyncWcf.Server.csproj", "{9AC6D8BB-D50D-405A-BDBF-1938F30B3121}"
EndProject
Project("{FAE04EC0-301F-11D3-BF4B-00C04F79EFBC}") = "Mike.AsyncWcf.Core", "Mike.AsyncWcf.Core\Mike.AsyncWcf.Core.csproj", "{10C72757-7094-4B74-B54F-F766ACF2D7A0}"
EndProject
Project("{FAE04EC0-301F-11D3-BF4B-00C04F79EFBC}") = "Mike.AsyncWcf.Proxy", "Mike.AsyncWcf.Proxy\Mike.AsyncWcf.Proxy.csproj", "{4620B1C0-5809-4D58-AD3B-436D92E7888A}"
EndProject
Project("{FAE04EC0-301F-11D3-BF4B-00C04F79EFBC}") = "Mike.AsyncWcf.Client.Tests", "Mike.AsyncWcf.Client.Tests\Mike.AsyncWcf.Client.Tests.csproj", "{4F58F3D3-E69F-4612-AF85-4824922231FC}"
EndProject
Project("{2150E333-8FDC-42A3-9474-1A3956D46DE8}") = "SolutionItems", "SolutionItems", "{68241DD8-C1E0-4264-9A11-B152EEFBCB73}"
	ProjectSection(SolutionItems) = preProject
		README.txt = README.txt
	EndProjectSection
EndProject
Global
	GlobalSection(SolutionConfigurationPlatforms) = preSolution
		Debug|Any CPU = Debug|Any CPU
		Release|Any CPU = Release|Any CPU
	EndGlobalSection
	GlobalSection(ProjectConfigurationPlatforms) = postSolution
		{6AAFCC2A-B927-4162-9A5A-B135F94F4AE6}.Debug|Any CPU.ActiveCfg = Debug|Any CPU
		{6AAFCC2A-B927-4162-9A5A-B135F94F4AE6}.Debug|Any CPU.Build.0 = Debug|Any CPU
		{6AAFCC2A-B927-4162-9A5A-B135F94F4AE6}.Release|Any CPU.ActiveCfg = Release|Any CPU
		{6AAFCC2A-B927-4162-9A5A-B135F94F4AE6}.Release|Any CPU.Build.0 = Release|Any CPU
		{9AC6D8BB-D50D-405A-BDBF-1938F30B3121}.Debug|Any CPU.ActiveCfg = Debug|Any CPU
		{9AC6D8BB-D50D-405A-BDBF-1938F30B3121}.Debug|Any CPU.Build.0 = Debug|Any CPU
		{9AC6D8BB-D50D-405A-BDBF-1938F30B3121}.Release|Any CPU.ActiveCfg = Release|Any CPU
		{9AC6D8BB-D50D-405A-BDBF-1938F30B3121}.Release|Any CPU.Build.0 = Release|Any CPU
		{10C72757-7094-4B74-B54F-F766ACF2D7A0}.Debug|Any CPU.ActiveCfg = Debug|Any CPU
		{10C72757-7094-4B74-B54F-F766ACF2D7A0}.Debug|Any CPU.Build.0 = Debug|Any CPU
		{10C72757-7094-4B74-B54F-F766ACF2D7A0}.Release|Any CPU.ActiveCfg = Release|Any CPU
		{10C72757-7094-4B74-B54F-F766ACF2D7A0}.Release|Any CPU.Build.0 = Release|Any CPU
		{4620B1C0-5809-4D58-AD3B-436D92E7888A}.Debug|Any CPU.ActiveCfg = Debug|Any CPU
		{4620B1C0-5809-4D58-AD3B-436D92E7888A}.Debug|Any CPU.Build.0 = Debug|Any CPU
		{4620B1C0-5809-4D58-AD3B-436D92E7888A}.Release|Any CPU.ActiveCfg = Release|Any CPU
		{4620B1C0-5809-4D58-AD3B-436D92E7888A}.Release|Any CPU.Build.0 = Release|Any CPU
		{4F58F3D3-E69F-4612-AF85-4824922231FC}.Debug|Any CPU.ActiveCfg = Debug|Any CPU
		{4F58F3D3-E69F-4612-AF85-4824922231FC}.Debug|Any CPU.Build.0 = Debug|Any CPU
		{4F58F3D3-E69F-4612-AF85-4824922231FC}.Release|Any CPU.ActiveCfg = Release|Any CPU
		{4F58F3D3-E69F-4612-AF85-4824922231FC}.Release|Any CPU.Build.0 = Release|Any CPU
	EndGlobalSection
	GlobalSection(SolutionProperties) = preSolution
		HideSolutionNode = FALSE
	EndGlobalSection
EndGlobal
